
Microsoft Visual Studio Solution File, Format Version 12.00
# Visual Studio Version 17
VisualStudioVersion = 17.6.33723.286
MinimumVisualStudioVersion = 10.0.40219.1
Project("{FAE04EC0-301F-11D3-BF4B-00C04F79EFBC}") = "GraveyardManager", "GraveyardManager\GraveyardManager.csproj", "{38007AD5-B988-4E2F-B382-8FE57A3E584C}"
EndProject
Global
	GlobalSection(SolutionConfigurationPlatforms) = preSolution
		Debug|Any CPU = Debug|Any CPU
		Release|Any CPU = Release|Any CPU
	EndGlobalSection
	GlobalSection(ProjectConfigurationPlatforms) = postSolution
		{38007AD5-B988-4E2F-B382-8FE57A3E584C}.Debug|Any CPU.ActiveCfg = Debug|Any CPU
		{38007AD5-B988-4E2F-B382-8FE57A3E584C}.Debug|Any CPU.Build.0 = Debug|Any CPU
		{38007AD5-B988-4E2F-B382-8FE57A3E584C}.Release|Any CPU.ActiveCfg = Release|Any CPU
		{38007AD5-B988-4E2F-B382-8FE57A3E584C}.Release|Any CPU.Build.0 = Release|Any CPU
	EndGlobalSection
	GlobalSection(SolutionProperties) = preSolution
		HideSolutionNode = FALSE
	EndGlobalSection
	GlobalSection(ExtensibilityGlobals) = postSolution
		SolutionGuid = {294B8E38-AC9E-4D5F-BDDB-61D855288171}
	EndGlobalSection
EndGlobal
